
Microsoft Visual Studio Solution File, Format Version 12.00
# Visual Studio Version 17
VisualStudioVersion = 17.8.34316.72
MinimumVisualStudioVersion = 10.0.40219.1
Project("{FAE04EC0-301F-11D3-BF4B-00C04F79EFBC}") = "WebPubSubSample", "WebPubSubSample.csproj", "{ECFDD74C-07F3-4B59-B763-767F3ABC1CFA}"
EndProject
Global
	GlobalSection(SolutionConfigurationPlatforms) = preSolution
		Debug|Any CPU = Debug|Any CPU
		Release|Any CPU = Release|Any CPU
	EndGlobalSection
	GlobalSection(ProjectConfigurationPlatforms) = postSolution
		{ECFDD74C-07F3-4B59-B763-767F3ABC1CFA}.Debug|Any CPU.ActiveCfg = Debug|Any CPU
		{ECFDD74C-07F3-4B59-B763-767F3ABC1CFA}.Debug|Any CPU.Build.0 = Debug|Any CPU
		{ECFDD74C-07F3-4B59-B763-767F3ABC1CFA}.Release|Any CPU.ActiveCfg = Release|Any CPU
		{ECFDD74C-07F3-4B59-B763-767F3ABC1CFA}.Release|Any CPU.Build.0 = Release|Any CPU
	EndGlobalSection
	GlobalSection(SolutionProperties) = preSolution
		HideSolutionNode = FALSE
	EndGlobalSection
	GlobalSection(ExtensibilityGlobals) = postSolution
		SolutionGuid = {1DA14EE0-3E93-4D01-A068-1F41225E1D1E}
	EndGlobalSection
EndGlobal
